
Microsoft Visual Studio Solution File, Format Version 12.00
# Visual Studio Version 16
VisualStudioVersion = 16.0.29230.47
MinimumVisualStudioVersion = 10.0.40219.1
Project("{FAE04EC0-301F-11D3-BF4B-00C04F79EFBC}") = "Exercise3", "Exercise3\Exercise3.csproj", "{2CEE178B-77EE-44CA-88BE-E5DD5307A742}"
EndProject
Global
	GlobalSection(SolutionConfigurationPlatforms) = preSolution
		Debug|Any CPU = Debug|Any CPU
		Release|Any CPU = Release|Any CPU
	EndGlobalSection
	GlobalSection(ProjectConfigurationPlatforms) = postSolution
		{2CEE178B-77EE-44CA-88BE-E5DD5307A742}.Debug|Any CPU.ActiveCfg = Debug|Any CPU
		{2CEE178B-77EE-44CA-88BE-E5DD5307A742}.Debug|Any CPU.Build.0 = Debug|Any CPU
		{2CEE178B-77EE-44CA-88BE-E5DD5307A742}.Release|Any CPU.ActiveCfg = Release|Any CPU
		{2CEE178B-77EE-44CA-88BE-E5DD5307A742}.Release|Any CPU.Build.0 = Release|Any CPU
	EndGlobalSection
	GlobalSection(SolutionProperties) = preSolution
		HideSolutionNode = FALSE
	EndGlobalSection
	GlobalSection(ExtensibilityGlobals) = postSolution
		SolutionGuid = {93BACBAD-264A-4DFA-B00A-E0BD552212DB}
	EndGlobalSection
EndGlobal
