
Microsoft Visual Studio Solution File, Format Version 12.00
# Visual Studio Version 16
VisualStudioVersion = 16.0.29230.47
MinimumVisualStudioVersion = 10.0.40219.1
Project("{FAE04EC0-301F-11D3-BF4B-00C04F79EFBC}") = "Exercise3", "Exercise3\Exercise3.csproj", "{73CC9BA2-B4FE-4EDB-949B-6263D514A82D}"
EndProject
Global
	GlobalSection(SolutionConfigurationPlatforms) = preSolution
		Debug|Any CPU = Debug|Any CPU
		Release|Any CPU = Release|Any CPU
	EndGlobalSection
	GlobalSection(ProjectConfigurationPlatforms) = postSolution
		{73CC9BA2-B4FE-4EDB-949B-6263D514A82D}.Debug|Any CPU.ActiveCfg = Debug|Any CPU
		{73CC9BA2-B4FE-4EDB-949B-6263D514A82D}.Debug|Any CPU.Build.0 = Debug|Any CPU
		{73CC9BA2-B4FE-4EDB-949B-6263D514A82D}.Release|Any CPU.ActiveCfg = Release|Any CPU
		{73CC9BA2-B4FE-4EDB-949B-6263D514A82D}.Release|Any CPU.Build.0 = Release|Any CPU
	EndGlobalSection
	GlobalSection(SolutionProperties) = preSolution
		HideSolutionNode = FALSE
	EndGlobalSection
	GlobalSection(ExtensibilityGlobals) = postSolution
		SolutionGuid = {D41F06B2-CCB0-4E7E-B252-6D2352018E12}
	EndGlobalSection
EndGlobal
